
Microsoft Visual Studio Solution File, Format Version 12.00
# Visual Studio Version 17
VisualStudioVersion = 17.4.33103.184
MinimumVisualStudioVersion = 10.0.40219.1
Project("{FAE04EC0-301F-11D3-BF4B-00C04F79EFBC}") = "Day2", "Day2\Day2.csproj", "{72CE80DE-F1DE-4EA8-97A4-878A445BC1B2}"
EndProject
Global
	GlobalSection(SolutionConfigurationPlatforms) = preSolution
		Debug|Any CPU = Debug|Any CPU
		Release|Any CPU = Release|Any CPU
	EndGlobalSection
	GlobalSection(ProjectConfigurationPlatforms) = postSolution
		{72CE80DE-F1DE-4EA8-97A4-878A445BC1B2}.Debug|Any CPU.ActiveCfg = Debug|Any CPU
		{72CE80DE-F1DE-4EA8-97A4-878A445BC1B2}.Debug|Any CPU.Build.0 = Debug|Any CPU
		{72CE80DE-F1DE-4EA8-97A4-878A445BC1B2}.Release|Any CPU.ActiveCfg = Release|Any CPU
		{72CE80DE-F1DE-4EA8-97A4-878A445BC1B2}.Release|Any CPU.Build.0 = Release|Any CPU
	EndGlobalSection
	GlobalSection(SolutionProperties) = preSolution
		HideSolutionNode = FALSE
	EndGlobalSection
	GlobalSection(ExtensibilityGlobals) = postSolution
		SolutionGuid = {7A99094D-83E3-4E25-91AA-BB0F948C4B42}
	EndGlobalSection
EndGlobal
